
Microsoft Visual Studio Solution File, Format Version 12.00
# Visual Studio 15
VisualStudioVersion = 15.0.27130.2020
MinimumVisualStudioVersion = 10.0.40219.1
Project("{8BC9CEB8-8B4A-11D0-8D11-00A0C91BC942}") = "UnitTestLearningPart1", "UnitTestLearningPart1\UnitTestLearningPart1.vcxproj", "{3DD12A88-43B8-46C0-B36D-DF7B4EB59CF8}"
EndProject
Project("{8BC9CEB8-8B4A-11D0-8D11-00A0C91BC942}") = "UnitTestPart1Tests", "UnitTestPart1Tests\UnitTestPart1Tests.vcxproj", "{D7C7886E-3BEF-4A82-92BF-811790D6B3F4}"
EndProject
Global
	GlobalSection(SolutionConfigurationPlatforms) = preSolution
		Debug|x64 = Debug|x64
		Debug|x86 = Debug|x86
		Release|x64 = Release|x64
		Release|x86 = Release|x86
	EndGlobalSection
	GlobalSection(ProjectConfigurationPlatforms) = postSolution
		{3DD12A88-43B8-46C0-B36D-DF7B4EB59CF8}.Debug|x64.ActiveCfg = Debug|x64
		{3DD12A88-43B8-46C0-B36D-DF7B4EB59CF8}.Debug|x64.Build.0 = Debug|x64
		{3DD12A88-43B8-46C0-B36D-DF7B4EB59CF8}.Debug|x86.ActiveCfg = Debug|Win32
		{3DD12A88-43B8-46C0-B36D-DF7B4EB59CF8}.Debug|x86.Build.0 = Debug|Win32
		{3DD12A88-43B8-46C0-B36D-DF7B4EB59CF8}.Release|x64.ActiveCfg = Release|x64
		{3DD12A88-43B8-46C0-B36D-DF7B4EB59CF8}.Release|x64.Build.0 = Release|x64
		{3DD12A88-43B8-46C0-B36D-DF7B4EB59CF8}.Release|x86.ActiveCfg = Release|Win32
		{3DD12A88-43B8-46C0-B36D-DF7B4EB59CF8}.Release|x86.Build.0 = Release|Win32
		{D7C7886E-3BEF-4A82-92BF-811790D6B3F4}.Debug|x64.ActiveCfg = Debug|x64
		{D7C7886E-3BEF-4A82-92BF-811790D6B3F4}.Debug|x64.Build.0 = Debug|x64
		{D7C7886E-3BEF-4A82-92BF-811790D6B3F4}.Debug|x86.ActiveCfg = Debug|Win32
		{D7C7886E-3BEF-4A82-92BF-811790D6B3F4}.Debug|x86.Build.0 = Debug|Win32
		{D7C7886E-3BEF-4A82-92BF-811790D6B3F4}.Release|x64.ActiveCfg = Release|x64
		{D7C7886E-3BEF-4A82-92BF-811790D6B3F4}.Release|x64.Build.0 = Release|x64
		{D7C7886E-3BEF-4A82-92BF-811790D6B3F4}.Release|x86.ActiveCfg = Release|Win32
		{D7C7886E-3BEF-4A82-92BF-811790D6B3F4}.Release|x86.Build.0 = Release|Win32
	EndGlobalSection
	GlobalSection(SolutionProperties) = preSolution
		HideSolutionNode = FALSE
	EndGlobalSection
	GlobalSection(ExtensibilityGlobals) = postSolution
		SolutionGuid = {FD4AA5F9-4020-4E88-A8C1-D98539837C4C}
	EndGlobalSection
EndGlobal
